
Microsoft Visual Studio Solution File, Format Version 12.00
# Visual Studio 15
VisualStudioVersion = 15.0.27130.2036
MinimumVisualStudioVersion = 10.0.40219.1
Project("{FAE04EC0-301F-11D3-BF4B-00C04F79EFBC}") = "Autoping", "Ping5\Autoping.csproj", "{30D12F71-B03F-4C8F-BE91-619737A4C47F}"
EndProject
Global
	GlobalSection(SolutionConfigurationPlatforms) = preSolution
		Debug|Any CPU = Debug|Any CPU
		Release|Any CPU = Release|Any CPU
	EndGlobalSection
	GlobalSection(ProjectConfigurationPlatforms) = postSolution
		{30D12F71-B03F-4C8F-BE91-619737A4C47F}.Debug|Any CPU.ActiveCfg = Debug|Any CPU
		{30D12F71-B03F-4C8F-BE91-619737A4C47F}.Debug|Any CPU.Build.0 = Debug|Any CPU
		{30D12F71-B03F-4C8F-BE91-619737A4C47F}.Release|Any CPU.ActiveCfg = Release|Any CPU
	EndGlobalSection
	GlobalSection(SolutionProperties) = preSolution
		HideSolutionNode = FALSE
	EndGlobalSection
	GlobalSection(ExtensibilityGlobals) = postSolution
		SolutionGuid = {C5B8F9A6-E4B9-4BE8-B20D-5AD7CB8B3D50}
	EndGlobalSection
EndGlobal
